
Microsoft Visual Studio Solution File, Format Version 12.00
# Visual Studio Version 17
VisualStudioVersion = 17.6.33815.320
MinimumVisualStudioVersion = 10.0.40219.1
Project("{8BC9CEB8-8B4A-11D0-8D11-00A0C91BC942}") = "chapter01", "chapter01\chapter01.vcxproj", "{44C3E6DE-D544-4EA3-BB26-444AA66CB2A7}"
EndProject
Project("{8BC9CEB8-8B4A-11D0-8D11-00A0C91BC942}") = "1-2_if_and_switch", "1-2_if_and_switch\1-2_if_and_switch.vcxproj", "{42DCF6CB-BC1D-49BC-ADF6-F079C374D242}"
EndProject
Project("{8BC9CEB8-8B4A-11D0-8D11-00A0C91BC942}") = "test1-1", "test1-1\test1-1.vcxproj", "{346320EE-4AF1-4E85-86DB-9C22C2EA6F41}"
EndProject
Project("{8BC9CEB8-8B4A-11D0-8D11-00A0C91BC942}") = "rule_of_brace", "rule_of_brace\rule_of_brace.vcxproj", "{875E163C-76A0-4367-982D-BDC427E260E5}"
EndProject
Project("{8BC9CEB8-8B4A-11D0-8D11-00A0C91BC942}") = "template_class_type_deduction", "template_class_type_deduction\template_class_type_deduction.vcxproj", "{551594C4-1CAD-409B-B74E-4FA9280205C5}"
EndProject
Project("{8BC9CEB8-8B4A-11D0-8D11-00A0C91BC942}") = "if_constexpr", "if_constexpr\if_constexpr.vcxproj", "{F769EA3D-5DD7-43E8-B6A7-CB9118329AB8}"
EndProject
Project("{8BC9CEB8-8B4A-11D0-8D11-00A0C91BC942}") = "inline_variable", "inline_variable\inline_variable.vcxproj", "{BF3F0933-EFA2-480A-A5AD-A90720DA3F07}"
EndProject
Project("{8BC9CEB8-8B4A-11D0-8D11-00A0C91BC942}") = "fold_expression", "fold_expression\fold_expression.vcxproj", "{3CFC3162-3563-4466-B80B-B7BCA4DEC92F}"
EndProject
Global
	GlobalSection(SolutionConfigurationPlatforms) = preSolution
		Debug|x64 = Debug|x64
		Debug|x86 = Debug|x86
		Release|x64 = Release|x64
		Release|x86 = Release|x86
	EndGlobalSection
	GlobalSection(ProjectConfigurationPlatforms) = postSolution
		{44C3E6DE-D544-4EA3-BB26-444AA66CB2A7}.Debug|x64.ActiveCfg = Debug|x64
		{44C3E6DE-D544-4EA3-BB26-444AA66CB2A7}.Debug|x64.Build.0 = Debug|x64
		{44C3E6DE-D544-4EA3-BB26-444AA66CB2A7}.Debug|x86.ActiveCfg = Debug|Win32
		{44C3E6DE-D544-4EA3-BB26-444AA66CB2A7}.Debug|x86.Build.0 = Debug|Win32
		{44C3E6DE-D544-4EA3-BB26-444AA66CB2A7}.Release|x64.ActiveCfg = Release|x64
		{44C3E6DE-D544-4EA3-BB26-444AA66CB2A7}.Release|x64.Build.0 = Release|x64
		{44C3E6DE-D544-4EA3-BB26-444AA66CB2A7}.Release|x86.ActiveCfg = Release|Win32
		{44C3E6DE-D544-4EA3-BB26-444AA66CB2A7}.Release|x86.Build.0 = Release|Win32
		{42DCF6CB-BC1D-49BC-ADF6-F079C374D242}.Debug|x64.ActiveCfg = Debug|x64
		{42DCF6CB-BC1D-49BC-ADF6-F079C374D242}.Debug|x64.Build.0 = Debug|x64
		{42DCF6CB-BC1D-49BC-ADF6-F079C374D242}.Debug|x86.ActiveCfg = Debug|Win32
		{42DCF6CB-BC1D-49BC-ADF6-F079C374D242}.Debug|x86.Build.0 = Debug|Win32
		{42DCF6CB-BC1D-49BC-ADF6-F079C374D242}.Release|x64.ActiveCfg = Release|x64
		{42DCF6CB-BC1D-49BC-ADF6-F079C374D242}.Release|x64.Build.0 = Release|x64
		{42DCF6CB-BC1D-49BC-ADF6-F079C374D242}.Release|x86.ActiveCfg = Release|Win32
		{42DCF6CB-BC1D-49BC-ADF6-F079C374D242}.Release|x86.Build.0 = Release|Win32
		{346320EE-4AF1-4E85-86DB-9C22C2EA6F41}.Debug|x64.ActiveCfg = Debug|x64
		{346320EE-4AF1-4E85-86DB-9C22C2EA6F41}.Debug|x64.Build.0 = Debug|x64
		{346320EE-4AF1-4E85-86DB-9C22C2EA6F41}.Debug|x86.ActiveCfg = Debug|Win32
		{346320EE-4AF1-4E85-86DB-9C22C2EA6F41}.Debug|x86.Build.0 = Debug|Win32
		{346320EE-4AF1-4E85-86DB-9C22C2EA6F41}.Release|x64.ActiveCfg = Release|x64
		{346320EE-4AF1-4E85-86DB-9C22C2EA6F41}.Release|x64.Build.0 = Release|x64
		{346320EE-4AF1-4E85-86DB-9C22C2EA6F41}.Release|x86.ActiveCfg = Release|Win32
		{346320EE-4AF1-4E85-86DB-9C22C2EA6F41}.Release|x86.Build.0 = Release|Win32
		{875E163C-76A0-4367-982D-BDC427E260E5}.Debug|x64.ActiveCfg = Debug|x64
		{875E163C-76A0-4367-982D-BDC427E260E5}.Debug|x64.Build.0 = Debug|x64
		{875E163C-76A0-4367-982D-BDC427E260E5}.Debug|x86.ActiveCfg = Debug|Win32
		{875E163C-76A0-4367-982D-BDC427E260E5}.Debug|x86.Build.0 = Debug|Win32
		{875E163C-76A0-4367-982D-BDC427E260E5}.Release|x64.ActiveCfg = Release|x64
		{875E163C-76A0-4367-982D-BDC427E260E5}.Release|x64.Build.0 = Release|x64
		{875E163C-76A0-4367-982D-BDC427E260E5}.Release|x86.ActiveCfg = Release|Win32
		{875E163C-76A0-4367-982D-BDC427E260E5}.Release|x86.Build.0 = Release|Win32
		{551594C4-1CAD-409B-B74E-4FA9280205C5}.Debug|x64.ActiveCfg = Debug|x64
		{551594C4-1CAD-409B-B74E-4FA9280205C5}.Debug|x64.Build.0 = Debug|x64
		{551594C4-1CAD-409B-B74E-4FA9280205C5}.Debug|x86.ActiveCfg = Debug|Win32
		{551594C4-1CAD-409B-B74E-4FA9280205C5}.Debug|x86.Build.0 = Debug|Win32
		{551594C4-1CAD-409B-B74E-4FA9280205C5}.Release|x64.ActiveCfg = Release|x64
		{551594C4-1CAD-409B-B74E-4FA9280205C5}.Release|x64.Build.0 = Release|x64
		{551594C4-1CAD-409B-B74E-4FA9280205C5}.Release|x86.ActiveCfg = Release|Win32
		{551594C4-1CAD-409B-B74E-4FA9280205C5}.Release|x86.Build.0 = Release|Win32
		{F769EA3D-5DD7-43E8-B6A7-CB9118329AB8}.Debug|x64.ActiveCfg = Debug|x64
		{F769EA3D-5DD7-43E8-B6A7-CB9118329AB8}.Debug|x64.Build.0 = Debug|x64
		{F769EA3D-5DD7-43E8-B6A7-CB9118329AB8}.Debug|x86.ActiveCfg = Debug|Win32
		{F769EA3D-5DD7-43E8-B6A7-CB9118329AB8}.Debug|x86.Build.0 = Debug|Win32
		{F769EA3D-5DD7-43E8-B6A7-CB9118329AB8}.Release|x64.ActiveCfg = Release|x64
		{F769EA3D-5DD7-43E8-B6A7-CB9118329AB8}.Release|x64.Build.0 = Release|x64
		{F769EA3D-5DD7-43E8-B6A7-CB9118329AB8}.Release|x86.ActiveCfg = Release|Win32
		{F769EA3D-5DD7-43E8-B6A7-CB9118329AB8}.Release|x86.Build.0 = Release|Win32
		{BF3F0933-EFA2-480A-A5AD-A90720DA3F07}.Debug|x64.ActiveCfg = Debug|x64
		{BF3F0933-EFA2-480A-A5AD-A90720DA3F07}.Debug|x64.Build.0 = Debug|x64
		{BF3F0933-EFA2-480A-A5AD-A90720DA3F07}.Debug|x86.ActiveCfg = Debug|Win32
		{BF3F0933-EFA2-480A-A5AD-A90720DA3F07}.Debug|x86.Build.0 = Debug|Win32
		{BF3F0933-EFA2-480A-A5AD-A90720DA3F07}.Release|x64.ActiveCfg = Release|x64
		{BF3F0933-EFA2-480A-A5AD-A90720DA3F07}.Release|x64.Build.0 = Release|x64
		{BF3F0933-EFA2-480A-A5AD-A90720DA3F07}.Release|x86.ActiveCfg = Release|Win32
		{BF3F0933-EFA2-480A-A5AD-A90720DA3F07}.Release|x86.Build.0 = Release|Win32
		{3CFC3162-3563-4466-B80B-B7BCA4DEC92F}.Debug|x64.ActiveCfg = Debug|x64
		{3CFC3162-3563-4466-B80B-B7BCA4DEC92F}.Debug|x64.Build.0 = Debug|x64
		{3CFC3162-3563-4466-B80B-B7BCA4DEC92F}.Debug|x86.ActiveCfg = Debug|Win32
		{3CFC3162-3563-4466-B80B-B7BCA4DEC92F}.Debug|x86.Build.0 = Debug|Win32
		{3CFC3162-3563-4466-B80B-B7BCA4DEC92F}.Release|x64.ActiveCfg = Release|x64
		{3CFC3162-3563-4466-B80B-B7BCA4DEC92F}.Release|x64.Build.0 = Release|x64
		{3CFC3162-3563-4466-B80B-B7BCA4DEC92F}.Release|x86.ActiveCfg = Release|Win32
		{3CFC3162-3563-4466-B80B-B7BCA4DEC92F}.Release|x86.Build.0 = Release|Win32
	EndGlobalSection
	GlobalSection(SolutionProperties) = preSolution
		HideSolutionNode = FALSE
	EndGlobalSection
	GlobalSection(ExtensibilityGlobals) = postSolution
		SolutionGuid = {85B148CE-A0E6-494D-BB09-A91D95B2D27A}
	EndGlobalSection
EndGlobal
